Microsoft Visual Studio Solution File, Format Version 12.00
# Visual Studio Version 17
VisualStudioVersion = 17.5.2.0
MinimumVisualStudioVersion = 10.0.40219.1
Project("{FAE04EC0-301F-11D3-BF4B-00C04F79EFBC}") = "CogtiveDevAssignment", "CogtiveDevAssignment.csproj", "{4A5025C0-67C3-3796-D886-2D287762C355}"
EndProject
Global
	GlobalSection(SolutionConfigurationPlatforms) = preSolution
		Debug|Any CPU = Debug|Any CPU
		Release|Any CPU = Release|Any CPU
	EndGlobalSection
	GlobalSection(ProjectConfigurationPlatforms) = postSolution
		{4A5025C0-67C3-3796-D886-2D287762C355}.Debug|Any CPU.ActiveCfg = Debug|Any CPU
		{4A5025C0-67C3-3796-D886-2D287762C355}.Debug|Any CPU.Build.0 = Debug|Any CPU
		{4A5025C0-67C3-3796-D886-2D287762C355}.Release|Any CPU.ActiveCfg = Release|Any CPU
		{4A5025C0-67C3-3796-D886-2D287762C355}.Release|Any CPU.Build.0 = Release|Any CPU
	EndGlobalSection
	GlobalSection(SolutionProperties) = preSolution
		HideSolutionNode = FALSE
	EndGlobalSection
	GlobalSection(ExtensibilityGlobals) = postSolution
		SolutionGuid = {51A1B434-E210-47BB-BAE3-EB0B9766A525}
	EndGlobalSection
EndGlobal
